
Microsoft Visual Studio Solution File, Format Version 12.00
# Visual Studio 15
VisualStudioVersion = 15.0.27130.2010
MinimumVisualStudioVersion = 10.0.40219.1
Project("{FAE04EC0-301F-11D3-BF4B-00C04F79EFBC}") = "far", "far\far.csproj", "{ED009B02-EB8F-491E-9465-A6088D29DBD4}"
EndProject
Global
	GlobalSection(SolutionConfigurationPlatforms) = preSolution
		Debug|Any CPU = Debug|Any CPU
		Release|Any CPU = Release|Any CPU
	EndGlobalSection
	GlobalSection(ProjectConfigurationPlatforms) = postSolution
		{ED009B02-EB8F-491E-9465-A6088D29DBD4}.Debug|Any CPU.ActiveCfg = Debug|Any CPU
		{ED009B02-EB8F-491E-9465-A6088D29DBD4}.Debug|Any CPU.Build.0 = Debug|Any CPU
		{ED009B02-EB8F-491E-9465-A6088D29DBD4}.Release|Any CPU.ActiveCfg = Release|Any CPU
		{ED009B02-EB8F-491E-9465-A6088D29DBD4}.Release|Any CPU.Build.0 = Release|Any CPU
	EndGlobalSection
	GlobalSection(SolutionProperties) = preSolution
		HideSolutionNode = FALSE
	EndGlobalSection
	GlobalSection(ExtensibilityGlobals) = postSolution
		SolutionGuid = {68B6F37D-9D22-4705-8E3A-B18F83974270}
	EndGlobalSection
EndGlobal
