
Microsoft Visual Studio Solution File, Format Version 12.00
# Visual Studio 15
VisualStudioVersion = 15.0.27130.2010
MinimumVisualStudioVersion = 10.0.40219.1
Project("{FAE04EC0-301F-11D3-BF4B-00C04F79EFBC}") = "FAR1", "FAR1\FAR1.csproj", "{5E44BB6A-0212-4413-A5EA-32F7A0C45BDC}"
EndProject
Global
	GlobalSection(SolutionConfigurationPlatforms) = preSolution
		Debug|Any CPU = Debug|Any CPU
		Release|Any CPU = Release|Any CPU
	EndGlobalSection
	GlobalSection(ProjectConfigurationPlatforms) = postSolution
		{5E44BB6A-0212-4413-A5EA-32F7A0C45BDC}.Debug|Any CPU.ActiveCfg = Debug|Any CPU
		{5E44BB6A-0212-4413-A5EA-32F7A0C45BDC}.Debug|Any CPU.Build.0 = Debug|Any CPU
		{5E44BB6A-0212-4413-A5EA-32F7A0C45BDC}.Release|Any CPU.ActiveCfg = Release|Any CPU
		{5E44BB6A-0212-4413-A5EA-32F7A0C45BDC}.Release|Any CPU.Build.0 = Release|Any CPU
	EndGlobalSection
	GlobalSection(SolutionProperties) = preSolution
		HideSolutionNode = FALSE
	EndGlobalSection
	GlobalSection(ExtensibilityGlobals) = postSolution
		SolutionGuid = {E5A58A89-0511-4038-9114-F5587E92F2B9}
	EndGlobalSection
EndGlobal
